
Microsoft Visual Studio Solution File, Format Version 12.00
# Visual Studio Version 17
VisualStudioVersion = 17.1.32421.90
MinimumVisualStudioVersion = 10.0.40219.1
Project("{FAE04EC0-301F-11D3-BF4B-00C04F79EFBC}") = "DLQ", "DLQ\DLQ.csproj", "{9BB8A10F-7ED3-4532-96EB-9BAEC45375F5}"
EndProject
Project("{FAE04EC0-301F-11D3-BF4B-00C04F79EFBC}") = "CommandLine", "CommandLine\CommandLine.csproj", "{F7D60401-709F-45FD-82C2-FFEB4085774D}"
EndProject
Global
	GlobalSection(SolutionConfigurationPlatforms) = preSolution
		Debug|Any CPU = Debug|Any CPU
		Release|Any CPU = Release|Any CPU
	EndGlobalSection
	GlobalSection(ProjectConfigurationPlatforms) = postSolution
		{9BB8A10F-7ED3-4532-96EB-9BAEC45375F5}.Debug|Any CPU.ActiveCfg = Debug|Any CPU
		{9BB8A10F-7ED3-4532-96EB-9BAEC45375F5}.Debug|Any CPU.Build.0 = Debug|Any CPU
		{9BB8A10F-7ED3-4532-96EB-9BAEC45375F5}.Release|Any CPU.ActiveCfg = Release|Any CPU
		{9BB8A10F-7ED3-4532-96EB-9BAEC45375F5}.Release|Any CPU.Build.0 = Release|Any CPU
		{F7D60401-709F-45FD-82C2-FFEB4085774D}.Debug|Any CPU.ActiveCfg = Debug|Any CPU
		{F7D60401-709F-45FD-82C2-FFEB4085774D}.Debug|Any CPU.Build.0 = Debug|Any CPU
		{F7D60401-709F-45FD-82C2-FFEB4085774D}.Release|Any CPU.ActiveCfg = Release|Any CPU
		{F7D60401-709F-45FD-82C2-FFEB4085774D}.Release|Any CPU.Build.0 = Release|Any CPU
	EndGlobalSection
	GlobalSection(SolutionProperties) = preSolution
		HideSolutionNode = FALSE
	EndGlobalSection
	GlobalSection(ExtensibilityGlobals) = postSolution
		SolutionGuid = {A96FC499-7FF4-48CB-BD4E-1BFD3735E6F6}
	EndGlobalSection
EndGlobal
